
Microsoft Visual Studio Solution File, Format Version 12.00
Project("{FAE04EC0-301F-11D3-BF4B-00C04F79EFBC}") = "LibConsole", "LibConsole\LibConsole.csproj", "{4CDCAF0E-D943-497B-B579-5E9739FABAA1}"
EndProject
Project("{FAE04EC0-301F-11D3-BF4B-00C04F79EFBC}") = "LibExerciseRunner", "LibExerciseRunner\LibExerciseRunner.csproj", "{197157AE-F16F-4AE9-AB4B-D442957B4131}"
EndProject
Project("{FAE04EC0-301F-11D3-BF4B-00C04F79EFBC}") = "NumberSystemExercise", "NumberSystemExercise\NumberSystemExercise.csproj", "{A19EBBCC-60D8-403D-9CD4-186911E4C439}"
EndProject
Global
	GlobalSection(SolutionConfigurationPlatforms) = preSolution
		Debug|Any CPU = Debug|Any CPU
		Release|Any CPU = Release|Any CPU
	EndGlobalSection
	GlobalSection(ProjectConfigurationPlatforms) = postSolution
		{4CDCAF0E-D943-497B-B579-5E9739FABAA1}.Debug|Any CPU.ActiveCfg = Debug|Any CPU
		{4CDCAF0E-D943-497B-B579-5E9739FABAA1}.Debug|Any CPU.Build.0 = Debug|Any CPU
		{4CDCAF0E-D943-497B-B579-5E9739FABAA1}.Release|Any CPU.ActiveCfg = Release|Any CPU
		{4CDCAF0E-D943-497B-B579-5E9739FABAA1}.Release|Any CPU.Build.0 = Release|Any CPU
		{197157AE-F16F-4AE9-AB4B-D442957B4131}.Debug|Any CPU.ActiveCfg = Debug|Any CPU
		{197157AE-F16F-4AE9-AB4B-D442957B4131}.Debug|Any CPU.Build.0 = Debug|Any CPU
		{197157AE-F16F-4AE9-AB4B-D442957B4131}.Release|Any CPU.ActiveCfg = Release|Any CPU
		{197157AE-F16F-4AE9-AB4B-D442957B4131}.Release|Any CPU.Build.0 = Release|Any CPU
		{A19EBBCC-60D8-403D-9CD4-186911E4C439}.Debug|Any CPU.ActiveCfg = Debug|Any CPU
		{A19EBBCC-60D8-403D-9CD4-186911E4C439}.Debug|Any CPU.Build.0 = Debug|Any CPU
		{A19EBBCC-60D8-403D-9CD4-186911E4C439}.Release|Any CPU.ActiveCfg = Release|Any CPU
		{A19EBBCC-60D8-403D-9CD4-186911E4C439}.Release|Any CPU.Build.0 = Release|Any CPU
	EndGlobalSection
EndGlobal
